
Microsoft Visual Studio Solution File, Format Version 12.00
# Visual Studio Version 16
VisualStudioVersion = 16.0.29306.81
MinimumVisualStudioVersion = 10.0.40219.1
Project("{FAE04EC0-301F-11D3-BF4B-00C04F79EFBC}") = "sql-compare", "sql-compare\sql-compare.csproj", "{91135F90-2372-4238-B4B5-8580A383C088}"
EndProject
Global
	GlobalSection(SolutionConfigurationPlatforms) = preSolution
		Debug|Any CPU = Debug|Any CPU
		Release|Any CPU = Release|Any CPU
	EndGlobalSection
	GlobalSection(ProjectConfigurationPlatforms) = postSolution
		{91135F90-2372-4238-B4B5-8580A383C088}.Debug|Any CPU.ActiveCfg = Debug|Any CPU
		{91135F90-2372-4238-B4B5-8580A383C088}.Debug|Any CPU.Build.0 = Debug|Any CPU
		{91135F90-2372-4238-B4B5-8580A383C088}.Release|Any CPU.ActiveCfg = Release|Any CPU
		{91135F90-2372-4238-B4B5-8580A383C088}.Release|Any CPU.Build.0 = Release|Any CPU
	EndGlobalSection
	GlobalSection(SolutionProperties) = preSolution
		HideSolutionNode = FALSE
	EndGlobalSection
	GlobalSection(ExtensibilityGlobals) = postSolution
		SolutionGuid = {E4F598F6-CB93-4F16-A392-D48FB31858D3}
	EndGlobalSection
EndGlobal
